
Microsoft Visual Studio Solution File, Format Version 12.00
# Visual Studio Version 16
VisualStudioVersion = 16.0.30804.86
MinimumVisualStudioVersion = 10.0.40219.1
Project("{FAE04EC0-301F-11D3-BF4B-00C04F79EFBC}") = "Algorithms_Lab2", "Algorithms_Lab2\Algorithms_Lab2.csproj", "{75DBFBFB-7F19-424C-951F-E9F89F54515E}"
EndProject
Global
	GlobalSection(SolutionConfigurationPlatforms) = preSolution
		Debug|Any CPU = Debug|Any CPU
		Release|Any CPU = Release|Any CPU
	EndGlobalSection
	GlobalSection(ProjectConfigurationPlatforms) = postSolution
		{75DBFBFB-7F19-424C-951F-E9F89F54515E}.Debug|Any CPU.ActiveCfg = Debug|Any CPU
		{75DBFBFB-7F19-424C-951F-E9F89F54515E}.Debug|Any CPU.Build.0 = Debug|Any CPU
		{75DBFBFB-7F19-424C-951F-E9F89F54515E}.Release|Any CPU.ActiveCfg = Release|Any CPU
		{75DBFBFB-7F19-424C-951F-E9F89F54515E}.Release|Any CPU.Build.0 = Release|Any CPU
	EndGlobalSection
	GlobalSection(SolutionProperties) = preSolution
		HideSolutionNode = FALSE
	EndGlobalSection
	GlobalSection(ExtensibilityGlobals) = postSolution
		SolutionGuid = {A69E865C-1912-4D40-AD93-6FBE67264E8F}
	EndGlobalSection
EndGlobal
